// !$*UTF8*$!
{
	archiveVersion = 1;
	classes = {
	};
	objectVersion = 77;
	objects = {

/* Begin PBXBuildFile section */
		0EAF26092D5AA9EB00E089B3 /* SwiftNES in Frameworks */ = {isa = PBXBuildFile; productRef = 0EAF26082D5AA9EB00E089B3 /* SwiftNES */; };
/* End PBXBuildFile section */

/* Begin PBXContainerItemProxy section */
		0EAF25E92D5AA91600E089B3 /* PBXContainerItemProxy */ = {
			isa = PBXContainerItemProxy;
			containerPortal = 0EAF25CF2D5AA91500E089B3 /* Project object */;
			proxyType = 1;
			remoteGlobalIDString = 0EAF25D62D5AA91500E089B3;
			remoteInfo = SwiftNesFrontend;
		};
		0EAF25F32D5AA91600E089B3 /* PBXContainerItemProxy */ = {
			isa = PBXContainerItemProxy;
			containerPortal = 0EAF25CF2D5AA91500E089B3 /* Project object */;
			proxyType = 1;
			remoteGlobalIDString = 0EAF25D62D5AA91500E089B3;
			remoteInfo = SwiftNesFrontend;
		};
/* End PBXContainerItemProxy section */

/* Begin PBXFileReference section */
		0EAF25D72D5AA91500E089B3 /* SwiftNES-Frontend.app */ = {isa = PBXFileReference; explicitFileType = wrapper.application; includeInIndex = 0; path = "SwiftNES-Frontend.app"; sourceTree = BUILT_PRODUCTS_DIR; };
		0EAF25E82D5AA91600E089B3 /* SwiftNES-FrontendTests.xctest */ = {isa = PBXFileReference; explicitFileType = wrapper.cfbundle; includeInIndex = 0; path = "SwiftNES-FrontendTests.xctest"; sourceTree = BUILT_PRODUCTS_DIR; };
		0EAF25F22D5AA91600E089B3 /* SwiftNES-FrontendUITests.xctest */ = {isa = PBXFileReference; explicitFileType = wrapper.cfbundle; includeInIndex = 0; path = "SwiftNES-FrontendUITests.xctest"; sourceTree = BUILT_PRODUCTS_DIR; };
		0EAF26502D5BF48200E089B3 /* README.md */ = {isa = PBXFileReference; explicitFileType = net.daringfireball.markdown; path = README.md; sourceTree = "<group>"; };
		0EAF26512D5BF48A00E089B3 /* LICENSE */ = {isa = PBXFileReference; lastKnownFileType = text; path = LICENSE; sourceTree = "<group>"; };
/* End PBXFileReference section */

/* Begin PBXFileSystemSynchronizedRootGroup section */
		0EAF25D92D5AA91500E089B3 /* SwiftNES-Frontend */ = {
			isa = PBXFileSystemSynchronizedRootGroup;
			path = "SwiftNES-Frontend";
			sourceTree = "<group>";
		};
		0EAF25EB2D5AA91600E089B3 /* SwiftNesFrontendTests */ = {
			isa = PBXFileSystemSynchronizedRootGroup;
			path = SwiftNesFrontendTests;
			sourceTree = "<group>";
		};
		0EAF25F52D5AA91600E089B3 /* SwiftNesFrontendUITests */ = {
			isa = PBXFileSystemSynchronizedRootGroup;
			path = SwiftNesFrontendUITests;
			sourceTree = "<group>";
		};
/* End PBXFileSystemSynchronizedRootGroup section */

/* Begin PBXFrameworksBuildPhase section */
		0EAF25D42D5AA91500E089B3 /* Frameworks */ = {
			isa = PBXFrameworksBuildPhase;
			buildActionMask = 2147483647;
			files = (
				0EAF26092D5AA9EB00E089B3 /* SwiftNES in Frameworks */,
			);
			runOnlyForDeploymentPostprocessing = 0;
		};
		0EAF25E52D5AA91600E089B3 /* Frameworks */ = {
			isa = PBXFrameworksBuildPhase;
			buildActionMask = 2147483647;
			files = (
			);
			runOnlyForDeploymentPostprocessing = 0;
		};
		0EAF25EF2D5AA91600E089B3 /* Frameworks */ = {
			isa = PBXFrameworksBuildPhase;
			buildActionMask = 2147483647;
			files = (
			);
			runOnlyForDeploymentPostprocessing = 0;
		};
/* End PBXFrameworksBuildPhase section */

/* Begin PBXGroup section */
		0EAF25CE2D5AA91500E089B3 = {
			isa = PBXGroup;
			children = (
				0EAF26512D5BF48A00E089B3 /* LICENSE */,
				0EAF26502D5BF48200E089B3 /* README.md */,
				0EAF25D92D5AA91500E089B3 /* SwiftNES-Frontend */,
				0EAF25EB2D5AA91600E089B3 /* SwiftNesFrontendTests */,
				0EAF25F52D5AA91600E089B3 /* SwiftNesFrontendUITests */,
				0EAF25D82D5AA91500E089B3 /* Products */,
			);
			sourceTree = "<group>";
		};
		0EAF25D82D5AA91500E089B3 /* Products */ = {
			isa = PBXGroup;
			children = (
				0EAF25D72D5AA91500E089B3 /* SwiftNES-Frontend.app */,
				0EAF25E82D5AA91600E089B3 /* SwiftNES-FrontendTests.xctest */,
				0EAF25F22D5AA91600E089B3 /* SwiftNES-FrontendUITests.xctest */,
			);
			name = Products;
			sourceTree = "<group>";
		};
/* End PBXGroup section */

/* Begin PBXNativeTarget section */
		0EAF25D62D5AA91500E089B3 /* SwiftNES-Frontend */ = {
			isa = PBXNativeTarget;
			buildConfigurationList = 0EAF25FC2D5AA91600E089B3 /* Build configuration list for PBXNativeTarget "SwiftNES-Frontend" */;
			buildPhases = (
				0EAF25D32D5AA91500E089B3 /* Sources */,
				0EAF25D42D5AA91500E089B3 /* Frameworks */,
				0EAF25D52D5AA91500E089B3 /* Resources */,
			);
			buildRules = (
			);
			dependencies = (
			);
			fileSystemSynchronizedGroups = (
				0EAF25D92D5AA91500E089B3 /* SwiftNES-Frontend */,
			);
			name = "SwiftNES-Frontend";
			packageProductDependencies = (
				0EAF26082D5AA9EB00E089B3 /* SwiftNES */,
			);
			productName = SwiftNesFrontend;
			productReference = 0EAF25D72D5AA91500E089B3 /* SwiftNES-Frontend.app */;
			productType = "com.apple.product-type.application";
		};
		0EAF25E72D5AA91600E089B3 /* SwiftNES-FrontendTests */ = {
			isa = PBXNativeTarget;
			buildConfigurationList = 0EAF25FF2D5AA91600E089B3 /* Build configuration list for PBXNativeTarget "SwiftNES-FrontendTests" */;
			buildPhases = (
				0EAF25E42D5AA91600E089B3 /* Sources */,
				0EAF25E52D5AA91600E089B3 /* Frameworks */,
				0EAF25E62D5AA91600E089B3 /* Resources */,
			);
			buildRules = (
			);
			dependencies = (
				0EAF25EA2D5AA91600E089B3 /* PBXTargetDependency */,
			);
			fileSystemSynchronizedGroups = (
				0EAF25EB2D5AA91600E089B3 /* SwiftNesFrontendTests */,
			);
			name = "SwiftNES-FrontendTests";
			packageProductDependencies = (
			);
			productName = SwiftNesFrontendTests;
			productReference = 0EAF25E82D5AA91600E089B3 /* SwiftNES-FrontendTests.xctest */;
			productType = "com.apple.product-type.bundle.unit-test";
		};
		0EAF25F12D5AA91600E089B3 /* SwiftNES-FrontendUITests */ = {
			isa = PBXNativeTarget;
			buildConfigurationList = 0EAF26022D5AA91600E089B3 /* Build configuration list for PBXNativeTarget "SwiftNES-FrontendUITests" */;
			buildPhases = (
				0EAF25EE2D5AA91600E089B3 /* Sources */,
				0EAF25EF2D5AA91600E089B3 /* Frameworks */,
				0EAF25F02D5AA91600E089B3 /* Resources */,
			);
			buildRules = (
			);
			dependencies = (
				0EAF25F42D5AA91600E089B3 /* PBXTargetDependency */,
			);
			fileSystemSynchronizedGroups = (
				0EAF25F52D5AA91600E089B3 /* SwiftNesFrontendUITests */,
			);
			name = "SwiftNES-FrontendUITests";
			packageProductDependencies = (
			);
			productName = SwiftNesFrontendUITests;
			productReference = 0EAF25F22D5AA91600E089B3 /* SwiftNES-FrontendUITests.xctest */;
			productType = "com.apple.product-type.bundle.ui-testing";
		};
/* End PBXNativeTarget section */

/* Begin PBXProject section */
		0EAF25CF2D5AA91500E089B3 /* Project object */ = {
			isa = PBXProject;
			attributes = {
				BuildIndependentTargetsInParallel = 1;
				LastSwiftUpdateCheck = 1620;
				LastUpgradeCheck = 1620;
				TargetAttributes = {
					0EAF25D62D5AA91500E089B3 = {
						CreatedOnToolsVersion = 16.2;
					};
					0EAF25E72D5AA91600E089B3 = {
						CreatedOnToolsVersion = 16.2;
						TestTargetID = 0EAF25D62D5AA91500E089B3;
					};
					0EAF25F12D5AA91600E089B3 = {
						CreatedOnToolsVersion = 16.2;
						TestTargetID = 0EAF25D62D5AA91500E089B3;
					};
				};
			};
			buildConfigurationList = 0EAF25D22D5AA91500E089B3 /* Build configuration list for PBXProject "SwiftNES-Frontend" */;
			developmentRegion = en;
			hasScannedForEncodings = 0;
			knownRegions = (
				en,
				Base,
			);
			mainGroup = 0EAF25CE2D5AA91500E089B3;
			minimizedProjectReferenceProxies = 1;
			packageReferences = (
				0EAF26072D5AA9EB00E089B3 /* XCRemoteSwiftPackageReference "SwiftNES" */,
			);
			preferredProjectObjectVersion = 77;
			productRefGroup = 0EAF25D82D5AA91500E089B3 /* Products */;
			projectDirPath = "";
			projectRoot = "";
			targets = (
				0EAF25D62D5AA91500E089B3 /* SwiftNES-Frontend */,
				0EAF25E72D5AA91600E089B3 /* SwiftNES-FrontendTests */,
				0EAF25F12D5AA91600E089B3 /* SwiftNES-FrontendUITests */,
			);
		};
/* End PBXProject section */

/* Begin PBXResourcesBuildPhase section */
		0EAF25D52D5AA91500E089B3 /* Resources */ = {
			isa = PBXResourcesBuildPhase;
			buildActionMask = 2147483647;
			files = (
			);
			runOnlyForDeploymentPostprocessing = 0;
		};
		0EAF25E62D5AA91600E089B3 /* Resources */ = {
			isa = PBXResourcesBuildPhase;
			buildActionMask = 2147483647;
			files = (
			);
			runOnlyForDeploymentPostprocessing = 0;
		};
		0EAF25F02D5AA91600E089B3 /* Resources */ = {
			isa = PBXResourcesBuildPhase;
			buildActionMask = 2147483647;
			files = (
			);
			runOnlyForDeploymentPostprocessing = 0;
		};
/* End PBXResourcesBuildPhase section */

/* Begin PBXSourcesBuildPhase section */
		0EAF25D32D5AA91500E089B3 /* Sources */ = {
			isa = PBXSourcesBuildPhase;
			buildActionMask = 2147483647;
			files = (
			);
			runOnlyForDeploymentPostprocessing = 0;
		};
		0EAF25E42D5AA91600E089B3 /* Sources */ = {
			isa = PBXSourcesBuildPhase;
			buildActionMask = 2147483647;
			files = (
			);
			runOnlyForDeploymentPostprocessing = 0;
		};
		0EAF25EE2D5AA91600E089B3 /* Sources */ = {
			isa = PBXSourcesBuildPhase;
			buildActionMask = 2147483647;
			files = (
			);
			runOnlyForDeploymentPostprocessing = 0;
		};
/* End PBXSourcesBuildPhase section */

/* Begin PBXTargetDependency section */
		0EAF25EA2D5AA91600E089B3 /* PBXTargetDependency */ = {
			isa = PBXTargetDependency;
			target = 0EAF25D62D5AA91500E089B3 /* SwiftNES-Frontend */;
			targetProxy = 0EAF25E92D5AA91600E089B3 /* PBXContainerItemProxy */;
		};
		0EAF25F42D5AA91600E089B3 /* PBXTargetDependency */ = {
			isa = PBXTargetDependency;
			target = 0EAF25D62D5AA91500E089B3 /* SwiftNES-Frontend */;
			targetProxy = 0EAF25F32D5AA91600E089B3 /* PBXContainerItemProxy */;
		};
/* End PBXTargetDependency section */

/* Begin XCBuildConfiguration section */
		0EAF25FA2D5AA91600E089B3 /* Debug */ = {
			isa = XCBuildConfiguration;
			buildSettings = {
				ALWAYS_SEARCH_USER_PATHS = NO;
				ASSETCATALOG_COMPILER_GENERATE_SWIFT_ASSET_SYMBOL_EXTENSIONS = YES;
				CLANG_ANALYZER_NONNULL = YES;
				CLANG_ANALYZER_NUMBER_OBJECT_CONVERSION = YES_AGGRESSIVE;
				CLANG_CXX_LANGUAGE_STANDARD = "gnu++20";
				CLANG_ENABLE_MODULES = YES;
				CLANG_ENABLE_OBJC_ARC = YES;
				CLANG_ENABLE_OBJC_WEAK = YES;
				CLANG_WARN_BLOCK_CAPTURE_AUTORELEASING = YES;
				CLANG_WARN_BOOL_CONVERSION = YES;
				CLANG_WARN_COMMA = YES;
				CLANG_WARN_CONSTANT_CONVERSION = YES;
				CLANG_WARN_DEPRECATED_OBJC_IMPLEMENTATIONS = YES;
				CLANG_WARN_DIRECT_OBJC_ISA_USAGE = YES_ERROR;
				CLANG_WARN_DOCUMENTATION_COMMENTS = YES;
				CLANG_WARN_EMPTY_BODY = YES;
				CLANG_WARN_ENUM_CONVERSION = YES;
				CLANG_WARN_INFINITE_RECURSION = YES;
				CLANG_WARN_INT_CONVERSION = YES;
				CLANG_WARN_NON_LITERAL_NULL_CONVERSION = YES;
				CLANG_WARN_OBJC_IMPLICIT_RETAIN_SELF = YES;
				CLANG_WARN_OBJC_LITERAL_CONVERSION = YES;
				CLANG_WARN_OBJC_ROOT_CLASS = YES_ERROR;
				CLANG_WARN_QUOTED_INCLUDE_IN_FRAMEWORK_HEADER = YES;
				CLANG_WARN_RANGE_LOOP_ANALYSIS = YES;
				CLANG_WARN_STRICT_PROTOTYPES = YES;
				CLANG_WARN_SUSPICIOUS_MOVE = YES;
				CLANG_WARN_UNGUARDED_AVAILABILITY = YES_AGGRESSIVE;
				CLANG_WARN_UNREACHABLE_CODE = YES;
				CLANG_WARN__DUPLICATE_METHOD_MATCH = YES;
				COPY_PHASE_STRIP = NO;
				DEBUG_INFORMATION_FORMAT = dwarf;
				ENABLE_STRICT_OBJC_MSGSEND = YES;
				ENABLE_TESTABILITY = YES;
				ENABLE_USER_SCRIPT_SANDBOXING = YES;
				GCC_C_LANGUAGE_STANDARD = gnu17;
				GCC_DYNAMIC_NO_PIC = NO;
				GCC_NO_COMMON_BLOCKS = YES;
				GCC_OPTIMIZATION_LEVEL = 0;
				GCC_PREPROCESSOR_DEFINITIONS = (
					"DEBUG=1",
					"$(inherited)",
				);
				GCC_WARN_64_TO_32_BIT_CONVERSION = YES;
				GCC_WARN_ABOUT_RETURN_TYPE = YES_ERROR;
				GCC_WARN_UNDECLARED_SELECTOR = YES;
				GCC_WARN_UNINITIALIZED_AUTOS = YES_AGGRESSIVE;
				GCC_WARN_UNUSED_FUNCTION = YES;
				GCC_WARN_UNUSED_VARIABLE = YES;
				LOCALIZATION_PREFERS_STRING_CATALOGS = YES;
				MTL_ENABLE_DEBUG_INFO = INCLUDE_SOURCE;
				MTL_FAST_MATH = YES;
				ONLY_ACTIVE_ARCH = YES;
				SWIFT_ACTIVE_COMPILATION_CONDITIONS = "DEBUG $(inherited)";
				SWIFT_OPTIMIZATION_LEVEL = "-Onone";
			};
			name = Debug;
		};
		0EAF25FB2D5AA91600E089B3 /* Release */ = {
			isa = XCBuildConfiguration;
			buildSettings = {
				ALWAYS_SEARCH_USER_PATHS = NO;
				ASSETCATALOG_COMPILER_GENERATE_SWIFT_ASSET_SYMBOL_EXTENSIONS = YES;
				CLANG_ANALYZER_NONNULL = YES;
				CLANG_ANALYZER_NUMBER_OBJECT_CONVERSION = YES_AGGRESSIVE;
				CLANG_CXX_LANGUAGE_STANDARD = "gnu++20";
				CLANG_ENABLE_MODULES = YES;
				CLANG_ENABLE_OBJC_ARC = YES;
				CLANG_ENABLE_OBJC_WEAK = YES;
				CLANG_WARN_BLOCK_CAPTURE_AUTORELEASING = YES;
				CLANG_WARN_BOOL_CONVERSION = YES;
				CLANG_WARN_COMMA = YES;
				CLANG_WARN_CONSTANT_CONVERSION = YES;
				CLANG_WARN_DEPRECATED_OBJC_IMPLEMENTATIONS = YES;
				CLANG_WARN_DIRECT_OBJC_ISA_USAGE = YES_ERROR;
				CLANG_WARN_DOCUMENTATION_COMMENTS = YES;
				CLANG_WARN_EMPTY_BODY = YES;
				CLANG_WARN_ENUM_CONVERSION = YES;
				CLANG_WARN_INFINITE_RECURSION = YES;
				CLANG_WARN_INT_CONVERSION = YES;
				CLANG_WARN_NON_LITERAL_NULL_CONVERSION = YES;
				CLANG_WARN_OBJC_IMPLICIT_RETAIN_SELF = YES;
				CLANG_WARN_OBJC_LITERAL_CONVERSION = YES;
				CLANG_WARN_OBJC_ROOT_CLASS = YES_ERROR;
				CLANG_WARN_QUOTED_INCLUDE_IN_FRAMEWORK_HEADER = YES;
				CLANG_WARN_RANGE_LOOP_ANALYSIS = YES;
				CLANG_WARN_STRICT_PROTOTYPES = YES;
				CLANG_WARN_SUSPICIOUS_MOVE = YES;
				CLANG_WARN_UNGUARDED_AVAILABILITY = YES_AGGRESSIVE;
				CLANG_WARN_UNREACHABLE_CODE = YES;
				CLANG_WARN__DUPLICATE_METHOD_MATCH = YES;
				COPY_PHASE_STRIP = NO;
				DEBUG_INFORMATION_FORMAT = "dwarf-with-dsym";
				ENABLE_NS_ASSERTIONS = NO;
				ENABLE_STRICT_OBJC_MSGSEND = YES;
				ENABLE_USER_SCRIPT_SANDBOXING = YES;
				GCC_C_LANGUAGE_STANDARD = gnu17;
				GCC_NO_COMMON_BLOCKS = YES;
				GCC_WARN_64_TO_32_BIT_CONVERSION = YES;
				GCC_WARN_ABOUT_RETURN_TYPE = YES_ERROR;
				GCC_WARN_UNDECLARED_SELECTOR = YES;
				GCC_WARN_UNINITIALIZED_AUTOS = YES_AGGRESSIVE;
				GCC_WARN_UNUSED_FUNCTION = YES;
				GCC_WARN_UNUSED_VARIABLE = YES;
				LOCALIZATION_PREFERS_STRING_CATALOGS = YES;
				MTL_ENABLE_DEBUG_INFO = NO;
				MTL_FAST_MATH = YES;
				SWIFT_COMPILATION_MODE = wholemodule;
			};
			name = Release;
		};
		0EAF25FD2D5AA91600E089B3 /* Debug */ = {
			isa = XCBuildConfiguration;
			buildSettings = {
				ASSETCATALOG_COMPILER_APPICON_NAME = AppIcon;
				ASSETCATALOG_COMPILER_GLOBAL_ACCENT_COLOR_NAME = AccentColor;
				CODE_SIGN_ENTITLEMENTS = SwiftNesFrontend/SwiftNesFrontend.entitlements;
				CODE_SIGN_STYLE = Automatic;
				CURRENT_PROJECT_VERSION = 1;
				DEVELOPMENT_ASSET_PATHS = "\"SwiftNesFrontend/Preview Content\"";
				DEVELOPMENT_TEAM = HFR8F4BT7E;
				ENABLE_HARDENED_RUNTIME = YES;
				ENABLE_PREVIEWS = YES;
				GENERATE_INFOPLIST_FILE = YES;
				"INFOPLIST_KEY_UIApplicationSceneManifest_Generation[sdk=iphoneos*]" = YES;
				"INFOPLIST_KEY_UIApplicationSceneManifest_Generation[sdk=iphonesimulator*]" = YES;
				"INFOPLIST_KEY_UIApplicationSupportsIndirectInputEvents[sdk=iphoneos*]" = YES;
				"INFOPLIST_KEY_UIApplicationSupportsIndirectInputEvents[sdk=iphonesimulator*]" = YES;
				"INFOPLIST_KEY_UILaunchScreen_Generation[sdk=iphoneos*]" = YES;
				"INFOPLIST_KEY_UILaunchScreen_Generation[sdk=iphonesimulator*]" = YES;
				"INFOPLIST_KEY_UIStatusBarStyle[sdk=iphoneos*]" = UIStatusBarStyleDefault;
				"INFOPLIST_KEY_UIStatusBarStyle[sdk=iphonesimulator*]" = UIStatusBarStyleDefault;
				INFOPLIST_KEY_UISupportedInterfaceOrientations_iPad = "UIInterfaceOrientationPortrait UIInterfaceOrientationPortraitUpsideDown UIInterfaceOrientationLandscapeLeft UIInterfaceOrientationLandscapeRight";
				INFOPLIST_KEY_UISupportedInterfaceOrientations_iPhone = "UIInterfaceOrientationPortrait UIInterfaceOrientationLandscapeLeft UIInterfaceOrientationLandscapeRight";
				IPHONEOS_DEPLOYMENT_TARGET = 14.0;
				LD_RUNPATH_SEARCH_PATHS = "@executable_path/Frameworks";
				"LD_RUNPATH_SEARCH_PATHS[sdk=macosx*]" = "@executable_path/../Frameworks";
				MACOSX_DEPLOYMENT_TARGET = 11.0;
				MARKETING_VERSION = 1.0;
				PRODUCT_BUNDLE_IDENTIFIER = com.mazjap.SwiftNesFrontend;
				PRODUCT_NAME = "$(TARGET_NAME)";
				SDKROOT = auto;
				SUPPORTED_PLATFORMS = "iphoneos iphonesimulator macosx xros xrsimulator";
				SWIFT_EMIT_LOC_STRINGS = YES;
				SWIFT_VERSION = 6.0;
				TARGETED_DEVICE_FAMILY = "1,2,7";
				XROS_DEPLOYMENT_TARGET = 1.0;
			};
			name = Debug;
		};
		0EAF25FE2D5AA91600E089B3 /* Release */ = {
			isa = XCBuildConfiguration;
			buildSettings = {
				ASSETCATALOG_COMPILER_APPICON_NAME = AppIcon;
				ASSETCATALOG_COMPILER_GLOBAL_ACCENT_COLOR_NAME = AccentColor;
				CODE_SIGN_ENTITLEMENTS = SwiftNesFrontend/SwiftNesFrontend.entitlements;
				CODE_SIGN_STYLE = Automatic;
				CURRENT_PROJECT_VERSION = 1;
				DEVELOPMENT_ASSET_PATHS = "\"SwiftNesFrontend/Preview Content\"";
				DEVELOPMENT_TEAM = HFR8F4BT7E;
				ENABLE_HARDENED_RUNTIME = YES;
				ENABLE_PREVIEWS = YES;
				GENERATE_INFOPLIST_FILE = YES;
				"INFOPLIST_KEY_UIApplicationSceneManifest_Generation[sdk=iphoneos*]" = YES;
				"INFOPLIST_KEY_UIApplicationSceneManifest_Generation[sdk=iphonesimulator*]" = YES;
				"INFOPLIST_KEY_UIApplicationSupportsIndirectInputEvents[sdk=iphoneos*]" = YES;
				"INFOPLIST_KEY_UIApplicationSupportsIndirectInputEvents[sdk=iphonesimulator*]" = YES;
				"INFOPLIST_KEY_UILaunchScreen_Generation[sdk=iphoneos*]" = YES;
				"INFOPLIST_KEY_UILaunchScreen_Generation[sdk=iphonesimulator*]" = YES;
				"INFOPLIST_KEY_UIStatusBarStyle[sdk=iphoneos*]" = UIStatusBarStyleDefault;
				"INFOPLIST_KEY_UIStatusBarStyle[sdk=iphonesimulator*]" = UIStatusBarStyleDefault;
				INFOPLIST_KEY_UISupportedInterfaceOrientations_iPad = "UIInterfaceOrientationPortrait UIInterfaceOrientationPortraitUpsideDown UIInterfaceOrientationLandscapeLeft UIInterfaceOrientationLandscapeRight";
				INFOPLIST_KEY_UISupportedInterfaceOrientations_iPhone = "UIInterfaceOrientationPortrait UIInterfaceOrientationLandscapeLeft UIInterfaceOrientationLandscapeRight";
				IPHONEOS_DEPLOYMENT_TARGET = 14.0;
				LD_RUNPATH_SEARCH_PATHS = "@executable_path/Frameworks";
				"LD_RUNPATH_SEARCH_PATHS[sdk=macosx*]" = "@executable_path/../Frameworks";
				MACOSX_DEPLOYMENT_TARGET = 11.0;
				MARKETING_VERSION = 1.0;
				PRODUCT_BUNDLE_IDENTIFIER = com.mazjap.SwiftNesFrontend;
				PRODUCT_NAME = "$(TARGET_NAME)";
				SDKROOT = auto;
				SUPPORTED_PLATFORMS = "iphoneos iphonesimulator macosx xros xrsimulator";
				SWIFT_EMIT_LOC_STRINGS = YES;
				SWIFT_VERSION = 6.0;
				TARGETED_DEVICE_FAMILY = "1,2,7";
				XROS_DEPLOYMENT_TARGET = 1.0;
			};
			name = Release;
		};
		0EAF26002D5AA91600E089B3 /* Debug */ = {
			isa = XCBuildConfiguration;
			buildSettings = {
				BUNDLE_LOADER = "$(TEST_HOST)";
				CODE_SIGN_STYLE = Automatic;
				CURRENT_PROJECT_VERSION = 1;
				DEVELOPMENT_TEAM = HFR8F4BT7E;
				GENERATE_INFOPLIST_FILE = YES;
				IPHONEOS_DEPLOYMENT_TARGET = 18.2;
				MACOSX_DEPLOYMENT_TARGET = 15.2;
				MARKETING_VERSION = 1.0;
				PRODUCT_BUNDLE_IDENTIFIER = com.mazjap.SwiftNesFrontendTests;
				PRODUCT_NAME = "$(TARGET_NAME)";
				SDKROOT = auto;
				SUPPORTED_PLATFORMS = "iphoneos iphonesimulator macosx xros xrsimulator";
				SWIFT_EMIT_LOC_STRINGS = NO;
				SWIFT_VERSION = 5.0;
				TARGETED_DEVICE_FAMILY = "1,2,7";
				TEST_HOST = "$(BUILT_PRODUCTS_DIR)/SwiftNES-Frontend.app/$(BUNDLE_EXECUTABLE_FOLDER_PATH)/SwiftNES-Frontend";
				XROS_DEPLOYMENT_TARGET = 2.2;
			};
			name = Debug;
		};
		0EAF26012D5AA91600E089B3 /* Release */ = {
			isa = XCBuildConfiguration;
			buildSettings = {
				BUNDLE_LOADER = "$(TEST_HOST)";
				CODE_SIGN_STYLE = Automatic;
				CURRENT_PROJECT_VERSION = 1;
				DEVELOPMENT_TEAM = HFR8F4BT7E;
				GENERATE_INFOPLIST_FILE = YES;
				IPHONEOS_DEPLOYMENT_TARGET = 18.2;
				MACOSX_DEPLOYMENT_TARGET = 15.2;
				MARKETING_VERSION = 1.0;
				PRODUCT_BUNDLE_IDENTIFIER = com.mazjap.SwiftNesFrontendTests;
				PRODUCT_NAME = "$(TARGET_NAME)";
				SDKROOT = auto;
				SUPPORTED_PLATFORMS = "iphoneos iphonesimulator macosx xros xrsimulator";
				SWIFT_EMIT_LOC_STRINGS = NO;
				SWIFT_VERSION = 5.0;
				TARGETED_DEVICE_FAMILY = "1,2,7";
				TEST_HOST = "$(BUILT_PRODUCTS_DIR)/SwiftNES-Frontend.app/$(BUNDLE_EXECUTABLE_FOLDER_PATH)/SwiftNES-Frontend";
				XROS_DEPLOYMENT_TARGET = 2.2;
			};
			name = Release;
		};
		0EAF26032D5AA91600E089B3 /* Debug */ = {
			isa = XCBuildConfiguration;
			buildSettings = {
				CODE_SIGN_STYLE = Automatic;
				CURRENT_PROJECT_VERSION = 1;
				DEVELOPMENT_TEAM = HFR8F4BT7E;
				GENERATE_INFOPLIST_FILE = YES;
				IPHONEOS_DEPLOYMENT_TARGET = 18.2;
				MACOSX_DEPLOYMENT_TARGET = 15.2;
				MARKETING_VERSION = 1.0;
				PRODUCT_BUNDLE_IDENTIFIER = com.mazjap.SwiftNesFrontendUITests;
				PRODUCT_NAME = "$(TARGET_NAME)";
				SDKROOT = auto;
				SUPPORTED_PLATFORMS = "iphoneos iphonesimulator macosx xros xrsimulator";
				SWIFT_EMIT_LOC_STRINGS = NO;
				SWIFT_VERSION = 5.0;
				TARGETED_DEVICE_FAMILY = "1,2,7";
				TEST_TARGET_NAME = SwiftNesFrontend;
				XROS_DEPLOYMENT_TARGET = 2.2;
			};
			name = Debug;
		};
		0EAF26042D5AA91600E089B3 /* Release */ = {
			isa = XCBuildConfiguration;
			buildSettings = {
				CODE_SIGN_STYLE = Automatic;
				CURRENT_PROJECT_VERSION = 1;
				DEVELOPMENT_TEAM = HFR8F4BT7E;
				GENERATE_INFOPLIST_FILE = YES;
				IPHONEOS_DEPLOYMENT_TARGET = 18.2;
				MACOSX_DEPLOYMENT_TARGET = 15.2;
				MARKETING_VERSION = 1.0;
				PRODUCT_BUNDLE_IDENTIFIER = com.mazjap.SwiftNesFrontendUITests;
				PRODUCT_NAME = "$(TARGET_NAME)";
				SDKROOT = auto;
				SUPPORTED_PLATFORMS = "iphoneos iphonesimulator macosx xros xrsimulator";
				SWIFT_EMIT_LOC_STRINGS = NO;
				SWIFT_VERSION = 5.0;
				TARGETED_DEVICE_FAMILY = "1,2,7";
				TEST_TARGET_NAME = SwiftNesFrontend;
				XROS_DEPLOYMENT_TARGET = 2.2;
			};
			name = Release;
		};
/* End XCBuildConfiguration section */

/* Begin XCConfigurationList section */
		0EAF25D22D5AA91500E089B3 /* Build configuration list for PBXProject "SwiftNES-Frontend" */ = {
			isa = XCConfigurationList;
			buildConfigurations = (
				0EAF25FA2D5AA91600E089B3 /* Debug */,
				0EAF25FB2D5AA91600E089B3 /* Release */,
			);
			defaultConfigurationIsVisible = 0;
			defaultConfigurationName = Release;
		};
		0EAF25FC2D5AA91600E089B3 /* Build configuration list for PBXNativeTarget "SwiftNES-Frontend" */ = {
			isa = XCConfigurationList;
			buildConfigurations = (
				0EAF25FD2D5AA91600E089B3 /* Debug */,
				0EAF25FE2D5AA91600E089B3 /* Release */,
			);
			defaultConfigurationIsVisible = 0;
			defaultConfigurationName = Release;
		};
		0EAF25FF2D5AA91600E089B3 /* Build configuration list for PBXNativeTarget "SwiftNES-FrontendTests" */ = {
			isa = XCConfigurationList;
			buildConfigurations = (
				0EAF26002D5AA91600E089B3 /* Debug */,
				0EAF26012D5AA91600E089B3 /* Release */,
			);
			defaultConfigurationIsVisible = 0;
			defaultConfigurationName = Release;
		};
		0EAF26022D5AA91600E089B3 /* Build configuration list for PBXNativeTarget "SwiftNES-FrontendUITests" */ = {
			isa = XCConfigurationList;
			buildConfigurations = (
				0EAF26032D5AA91600E089B3 /* Debug */,
				0EAF26042D5AA91600E089B3 /* Release */,
			);
			defaultConfigurationIsVisible = 0;
			defaultConfigurationName = Release;
		};
/* End XCConfigurationList section */

/* Begin XCRemoteSwiftPackageReference section */
		0EAF26072D5AA9EB00E089B3 /* XCRemoteSwiftPackageReference "SwiftNES" */ = {
			isa = XCRemoteSwiftPackageReference;
			repositoryURL = "https://github.com/mazjap/SwiftNES";
			requirement = {
				branch = main;
				kind = branch;
			};
		};
/* End XCRemoteSwiftPackageReference section */

/* Begin XCSwiftPackageProductDependency section */
		0EAF26082D5AA9EB00E089B3 /* SwiftNES */ = {
			isa = XCSwiftPackageProductDependency;
			package = 0EAF26072D5AA9EB00E089B3 /* XCRemoteSwiftPackageReference "SwiftNES" */;
			productName = SwiftNES;
		};
/* End XCSwiftPackageProductDependency section */
	};
	rootObject = 0EAF25CF2D5AA91500E089B3 /* Project object */;
}
